// !$*UTF8*$!
{
	archiveVersion = 1;
	classes = {
	};
	objectVersion = 56;
	objects = {

/* Begin PBXBuildFile section */
		660BB2B72AB0D9CD00350DC5 /* CustomTabBar.swift in Sources */ = {isa = PBXBuildFile; fileRef = 660BB2B62AB0D9CD00350DC5 /* CustomTabBar.swift */; };
		660BB2B92AB1B73D00350DC5 /* TabBarModel.swift in Sources */ = {isa = PBXBuildFile; fileRef = 660BB2B82AB1B73D00350DC5 /* TabBarModel.swift */; };
		660BB2BD2AB2226800350DC5 /* TabBar.swift in Sources */ = {isa = PBXBuildFile; fileRef = 660BB2BC2AB2226800350DC5 /* TabBar.swift */; };
		660BB2BF2AB32ABC00350DC5 /* IconName.swift in Sources */ = {isa = PBXBuildFile; fileRef = 660BB2BE2AB32ABC00350DC5 /* IconName.swift */; };
		660BB2C52AB3308A00350DC5 /* MediumTabBar.swift in Sources */ = {isa = PBXBuildFile; fileRef = 660BB2C42AB3308A00350DC5 /* MediumTabBar.swift */; };
		660BB2C72AB45B7F00350DC5 /* TabBarView.swift in Sources */ = {isa = PBXBuildFile; fileRef = 660BB2C62AB45B7F00350DC5 /* TabBarView.swift */; };
		660BB2CA2AB45E2E00350DC5 /* QuestionView.swift in Sources */ = {isa = PBXBuildFile; fileRef = 660BB2C92AB45E2E00350DC5 /* QuestionView.swift */; };
		663055632AA0D26B00E61766 /* WakeMeUpAppApp.swift in Sources */ = {isa = PBXBuildFile; fileRef = 663055622AA0D26B00E61766 /* WakeMeUpAppApp.swift */; };
		663055652AA0D26B00E61766 /* ContentView.swift in Sources */ = {isa = PBXBuildFile; fileRef = 663055642AA0D26B00E61766 /* ContentView.swift */; };
		663055672AA0D26E00E61766 /* Assets.xcassets in Resources */ = {isa = PBXBuildFile; fileRef = 663055662AA0D26E00E61766 /* Assets.xcassets */; };
		6630556A2AA0D26E00E61766 /* Preview Assets.xcassets in Resources */ = {isa = PBXBuildFile; fileRef = 663055692AA0D26E00E61766 /* Preview Assets.xcassets */; };
		663055732AA0D69300E61766 /* AlarmCell.swift in Sources */ = {isa = PBXBuildFile; fileRef = 663055722AA0D69300E61766 /* AlarmCell.swift */; };
		6630557A2AAB2B1B00E61766 /* QuizModel.swift in Sources */ = {isa = PBXBuildFile; fileRef = 663055792AAB2B1B00E61766 /* QuizModel.swift */; };
		6630557F2AAB5A7300E61766 /* Colors.swift in Sources */ = {isa = PBXBuildFile; fileRef = 6630557E2AAB5A7300E61766 /* Colors.swift */; };
		6630558A2AAE119100E61766 /* HomeView.swift in Sources */ = {isa = PBXBuildFile; fileRef = 663055892AAE119100E61766 /* HomeView.swift */; };
		66DBA4AE2AC32433003F116E /* QuestionCell.swift in Sources */ = {isa = PBXBuildFile; fileRef = 66DBA4AD2AC32433003F116E /* QuestionCell.swift */; };
		66DBA4B42AC469CA003F116E /* SortPicker.swift in Sources */ = {isa = PBXBuildFile; fileRef = 66DBA4B32AC469CA003F116E /* SortPicker.swift */; };
		66DBA4B82AC9C4DA003F116E /* Data.swift in Sources */ = {isa = PBXBuildFile; fileRef = 66DBA4B72AC9C4DA003F116E /* Data.swift */; };
/* End PBXBuildFile section */

/* Begin PBXFileReference section */
		660BB2B62AB0D9CD00350DC5 /* CustomTabBar.swift */ = {isa = PBXFileReference; lastKnownFileType = sourcecode.swift; path = CustomTabBar.swift; sourceTree = "<group>"; };
		660BB2B82AB1B73D00350DC5 /* TabBarModel.swift */ = {isa = PBXFileReference; lastKnownFileType = sourcecode.swift; path = TabBarModel.swift; sourceTree = "<group>"; };
		660BB2BC2AB2226800350DC5 /* TabBar.swift */ = {isa = PBXFileReference; lastKnownFileType = sourcecode.swift; path = TabBar.swift; sourceTree = "<group>"; };
		660BB2BE2AB32ABC00350DC5 /* IconName.swift */ = {isa = PBXFileReference; lastKnownFileType = sourcecode.swift; path = IconName.swift; sourceTree = "<group>"; };
		660BB2C42AB3308A00350DC5 /* MediumTabBar.swift */ = {isa = PBXFileReference; lastKnownFileType = sourcecode.swift; path = MediumTabBar.swift; sourceTree = "<group>"; };
		660BB2C62AB45B7F00350DC5 /* TabBarView.swift */ = {isa = PBXFileReference; lastKnownFileType = sourcecode.swift; path = TabBarView.swift; sourceTree = "<group>"; };
		660BB2C92AB45E2E00350DC5 /* QuestionView.swift */ = {isa = PBXFileReference; lastKnownFileType = sourcecode.swift; path = QuestionView.swift; sourceTree = "<group>"; };
		6630555F2AA0D26B00E61766 /* WakeMeUpApp.app */ = {isa = PBXFileReference; explicitFileType = wrapper.application; includeInIndex = 0; path = WakeMeUpApp.app; sourceTree = BUILT_PRODUCTS_DIR; };
		663055622AA0D26B00E61766 /* WakeMeUpAppApp.swift */ = {isa = PBXFileReference; lastKnownFileType = sourcecode.swift; path = WakeMeUpAppApp.swift; sourceTree = "<group>"; };
		663055642AA0D26B00E61766 /* ContentView.swift */ = {isa = PBXFileReference; lastKnownFileType = sourcecode.swift; path = ContentView.swift; sourceTree = "<group>"; };
		663055662AA0D26E00E61766 /* Assets.xcassets */ = {isa = PBXFileReference; lastKnownFileType = folder.assetcatalog; path = Assets.xcassets; sourceTree = "<group>"; };
		663055692AA0D26E00E61766 /* Preview Assets.xcassets */ = {isa = PBXFileReference; lastKnownFileType = folder.assetcatalog; path = "Preview Assets.xcassets"; sourceTree = "<group>"; };
		663055722AA0D69300E61766 /* AlarmCell.swift */ = {isa = PBXFileReference; lastKnownFileType = sourcecode.swift; path = AlarmCell.swift; sourceTree = "<group>"; };
		663055792AAB2B1B00E61766 /* QuizModel.swift */ = {isa = PBXFileReference; lastKnownFileType = sourcecode.swift; path = QuizModel.swift; sourceTree = "<group>"; };
		6630557E2AAB5A7300E61766 /* Colors.swift */ = {isa = PBXFileReference; lastKnownFileType = sourcecode.swift; path = Colors.swift; sourceTree = "<group>"; };
		663055892AAE119100E61766 /* HomeView.swift */ = {isa = PBXFileReference; lastKnownFileType = sourcecode.swift; path = HomeView.swift; sourceTree = "<group>"; };
		66DBA4AD2AC32433003F116E /* QuestionCell.swift */ = {isa = PBXFileReference; lastKnownFileType = sourcecode.swift; path = QuestionCell.swift; sourceTree = "<group>"; };
		66DBA4B32AC469CA003F116E /* SortPicker.swift */ = {isa = PBXFileReference; lastKnownFileType = sourcecode.swift; path = SortPicker.swift; sourceTree = "<group>"; };
		66DBA4B72AC9C4DA003F116E /* Data.swift */ = {isa = PBXFileReference; lastKnownFileType = sourcecode.swift; path = Data.swift; sourceTree = "<group>"; };
/* End PBXFileReference section */

/* Begin PBXFrameworksBuildPhase section */
		6630555C2AA0D26B00E61766 /* Frameworks */ = {
			isa = PBXFrameworksBuildPhase;
			buildActionMask = 2147483647;
			files = (
			);
			runOnlyForDeploymentPostprocessing = 0;
		};
/* End PBXFrameworksBuildPhase section */

/* Begin PBXGroup section */
		660BB2C82AB45D1700350DC5 /* TabBar */ = {
			isa = PBXGroup;
			children = (
				660BB2B82AB1B73D00350DC5 /* TabBarModel.swift */,
				660BB2C62AB45B7F00350DC5 /* TabBarView.swift */,
			);
			path = TabBar;
			sourceTree = "<group>";
		};
		663055562AA0D26B00E61766 = {
			isa = PBXGroup;
			children = (
				663055612AA0D26B00E61766 /* WakeMeUpApp */,
				663055602AA0D26B00E61766 /* Products */,
			);
			sourceTree = "<group>";
		};
		663055602AA0D26B00E61766 /* Products */ = {
			isa = PBXGroup;
			children = (
				6630555F2AA0D26B00E61766 /* WakeMeUpApp.app */,
			);
			name = Products;
			sourceTree = "<group>";
		};
		663055612AA0D26B00E61766 /* WakeMeUpApp */ = {
			isa = PBXGroup;
			children = (
				663055622AA0D26B00E61766 /* WakeMeUpAppApp.swift */,
				663055642AA0D26B00E61766 /* ContentView.swift */,
				6630557B2AAB569F00E61766 /* View */,
				663055742AAB260800E61766 /* Model */,
				663055662AA0D26E00E61766 /* Assets.xcassets */,
				663055942AB0D55C00E61766 /* TabBarExperiments */,
				663055682AA0D26E00E61766 /* Preview Content */,
			);
			path = WakeMeUpApp;
			sourceTree = "<group>";
		};
		663055682AA0D26E00E61766 /* Preview Content */ = {
			isa = PBXGroup;
			children = (
				663055692AA0D26E00E61766 /* Preview Assets.xcassets */,
			);
			path = "Preview Content";
			sourceTree = "<group>";
		};
		663055742AAB260800E61766 /* Model */ = {
			isa = PBXGroup;
			children = (
				663055792AAB2B1B00E61766 /* QuizModel.swift */,
				66DBA4B72AC9C4DA003F116E /* Data.swift */,
			);
			path = Model;
			sourceTree = "<group>";
		};
		6630557B2AAB569F00E61766 /* View */ = {
			isa = PBXGroup;
			children = (
				6630557E2AAB5A7300E61766 /* Colors.swift */,
				660BB2BE2AB32ABC00350DC5 /* IconName.swift */,
				66DBA4B12AC45EAB003F116E /* HomeView */,
				660BB2C82AB45D1700350DC5 /* TabBar */,
				66DBA4B22AC45EB7003F116E /* QuestionView */,
			);
			path = View;
			sourceTree = "<group>";
		};
		663055942AB0D55C00E61766 /* TabBarExperiments */ = {
			isa = PBXGroup;
			children = (
				660BB2B62AB0D9CD00350DC5 /* CustomTabBar.swift */,
				660BB2BC2AB2226800350DC5 /* TabBar.swift */,
				660BB2C42AB3308A00350DC5 /* MediumTabBar.swift */,
			);
			path = TabBarExperiments;
			sourceTree = "<group>";
		};
		66DBA4B12AC45EAB003F116E /* HomeView */ = {
			isa = PBXGroup;
			children = (
				663055722AA0D69300E61766 /* AlarmCell.swift */,
				663055892AAE119100E61766 /* HomeView.swift */,
			);
			path = HomeView;
			sourceTree = "<group>";
		};
		66DBA4B22AC45EB7003F116E /* QuestionView */ = {
			isa = PBXGroup;
			children = (
				66DBA4AD2AC32433003F116E /* QuestionCell.swift */,
				660BB2C92AB45E2E00350DC5 /* QuestionView.swift */,
				66DBA4B32AC469CA003F116E /* SortPicker.swift */,
			);
			path = QuestionView;
			sourceTree = "<group>";
		};
/* End PBXGroup section */

/* Begin PBXNativeTarget section */
		6630555E2AA0D26B00E61766 /* WakeMeUpApp */ = {
			isa = PBXNativeTarget;
			buildConfigurationList = 6630556D2AA0D26E00E61766 /* Build configuration list for PBXNativeTarget "WakeMeUpApp" */;
			buildPhases = (
				6630555B2AA0D26B00E61766 /* Sources */,
				6630555C2AA0D26B00E61766 /* Frameworks */,
				6630555D2AA0D26B00E61766 /* Resources */,
			);
			buildRules = (
			);
			dependencies = (
			);
			name = WakeMeUpApp;
			productName = WakeMeUpApp;
			productReference = 6630555F2AA0D26B00E61766 /* WakeMeUpApp.app */;
			productType = "com.apple.product-type.application";
		};
/* End PBXNativeTarget section */

/* Begin PBXProject section */
		663055572AA0D26B00E61766 /* Project object */ = {
			isa = PBXProject;
			attributes = {
				BuildIndependentTargetsInParallel = 1;
				LastSwiftUpdateCheck = 1430;
				LastUpgradeCheck = 1430;
				TargetAttributes = {
					6630555E2AA0D26B00E61766 = {
						CreatedOnToolsVersion = 14.3;
					};
				};
			};
			buildConfigurationList = 6630555A2AA0D26B00E61766 /* Build configuration list for PBXProject "WakeMeUpApp" */;
			compatibilityVersion = "Xcode 14.0";
			developmentRegion = en;
			hasScannedForEncodings = 0;
			knownRegions = (
				en,
				Base,
			);
			mainGroup = 663055562AA0D26B00E61766;
			productRefGroup = 663055602AA0D26B00E61766 /* Products */;
			projectDirPath = "";
			projectRoot = "";
			targets = (
				6630555E2AA0D26B00E61766 /* WakeMeUpApp */,
			);
		};
/* End PBXProject section */

/* Begin PBXResourcesBuildPhase section */
		6630555D2AA0D26B00E61766 /* Resources */ = {
			isa = PBXResourcesBuildPhase;
			buildActionMask = 2147483647;
			files = (
				6630556A2AA0D26E00E61766 /* Preview Assets.xcassets in Resources */,
				663055672AA0D26E00E61766 /* Assets.xcassets in Resources */,
			);
			runOnlyForDeploymentPostprocessing = 0;
		};
/* End PBXResourcesBuildPhase section */

/* Begin PBXSourcesBuildPhase section */
		6630555B2AA0D26B00E61766 /* Sources */ = {
			isa = PBXSourcesBuildPhase;
			buildActionMask = 2147483647;
			files = (
				660BB2B92AB1B73D00350DC5 /* TabBarModel.swift in Sources */,
				66DBA4B42AC469CA003F116E /* SortPicker.swift in Sources */,
				663055652AA0D26B00E61766 /* ContentView.swift in Sources */,
				660BB2C72AB45B7F00350DC5 /* TabBarView.swift in Sources */,
				663055632AA0D26B00E61766 /* WakeMeUpAppApp.swift in Sources */,
				6630558A2AAE119100E61766 /* HomeView.swift in Sources */,
				660BB2BF2AB32ABC00350DC5 /* IconName.swift in Sources */,
				663055732AA0D69300E61766 /* AlarmCell.swift in Sources */,
				660BB2B72AB0D9CD00350DC5 /* CustomTabBar.swift in Sources */,
				6630557F2AAB5A7300E61766 /* Colors.swift in Sources */,
				66DBA4AE2AC32433003F116E /* QuestionCell.swift in Sources */,
				660BB2CA2AB45E2E00350DC5 /* QuestionView.swift in Sources */,
				6630557A2AAB2B1B00E61766 /* QuizModel.swift in Sources */,
				660BB2C52AB3308A00350DC5 /* MediumTabBar.swift in Sources */,
				660BB2BD2AB2226800350DC5 /* TabBar.swift in Sources */,
				66DBA4B82AC9C4DA003F116E /* Data.swift in Sources */,
			);
			runOnlyForDeploymentPostprocessing = 0;
		};
/* End PBXSourcesBuildPhase section */

/* Begin XCBuildConfiguration section */
		6630556B2AA0D26E00E61766 /* Debug */ = {
			isa = XCBuildConfiguration;
			buildSettings = {
				ALWAYS_SEARCH_USER_PATHS = NO;
				CLANG_ANALYZER_NONNULL = YES;
				CLANG_ANALYZER_NUMBER_OBJECT_CONVERSION = YES_AGGRESSIVE;
				CLANG_CXX_LANGUAGE_STANDARD = "gnu++20";
				CLANG_ENABLE_MODULES = YES;
				CLANG_ENABLE_OBJC_ARC = YES;
				CLANG_ENABLE_OBJC_WEAK = YES;
				CLANG_WARN_BLOCK_CAPTURE_AUTORELEASING = YES;
				CLANG_WARN_BOOL_CONVERSION = YES;
				CLANG_WARN_COMMA = YES;
				CLANG_WARN_CONSTANT_CONVERSION = YES;
				CLANG_WARN_DEPRECATED_OBJC_IMPLEMENTATIONS = YES;
				CLANG_WARN_DIRECT_OBJC_ISA_USAGE = YES_ERROR;
				CLANG_WARN_DOCUMENTATION_COMMENTS = YES;
				CLANG_WARN_EMPTY_BODY = YES;
				CLANG_WARN_ENUM_CONVERSION = YES;
				CLANG_WARN_INFINITE_RECURSION = YES;
				CLANG_WARN_INT_CONVERSION = YES;
				CLANG_WARN_NON_LITERAL_NULL_CONVERSION = YES;
				CLANG_WARN_OBJC_IMPLICIT_RETAIN_SELF = YES;
				CLANG_WARN_OBJC_LITERAL_CONVERSION = YES;
				CLANG_WARN_OBJC_ROOT_CLASS = YES_ERROR;
				CLANG_WARN_QUOTED_INCLUDE_IN_FRAMEWORK_HEADER = YES;
				CLANG_WARN_RANGE_LOOP_ANALYSIS = YES;
				CLANG_WARN_STRICT_PROTOTYPES = YES;
				CLANG_WARN_SUSPICIOUS_MOVE = YES;
				CLANG_WARN_UNGUARDED_AVAILABILITY = YES_AGGRESSIVE;
				CLANG_WARN_UNREACHABLE_CODE = YES;
				CLANG_WARN__DUPLICATE_METHOD_MATCH = YES;
				COPY_PHASE_STRIP = NO;
				DEBUG_INFORMATION_FORMAT = dwarf;
				ENABLE_STRICT_OBJC_MSGSEND = YES;
				ENABLE_TESTABILITY = YES;
				GCC_C_LANGUAGE_STANDARD = gnu11;
				GCC_DYNAMIC_NO_PIC = NO;
				GCC_NO_COMMON_BLOCKS = YES;
				GCC_OPTIMIZATION_LEVEL = 0;
				GCC_PREPROCESSOR_DEFINITIONS = (
					"DEBUG=1",
					"$(inherited)",
				);
				GCC_WARN_64_TO_32_BIT_CONVERSION = YES;
				GCC_WARN_ABOUT_RETURN_TYPE = YES_ERROR;
				GCC_WARN_UNDECLARED_SELECTOR = YES;
				GCC_WARN_UNINITIALIZED_AUTOS = YES_AGGRESSIVE;
				GCC_WARN_UNUSED_FUNCTION = YES;
				GCC_WARN_UNUSED_VARIABLE = YES;
				IPHONEOS_DEPLOYMENT_TARGET = 16.4;
				MTL_ENABLE_DEBUG_INFO = INCLUDE_SOURCE;
				MTL_FAST_MATH = YES;
				ONLY_ACTIVE_ARCH = YES;
				SDKROOT = iphoneos;
				SWIFT_ACTIVE_COMPILATION_CONDITIONS = DEBUG;
				SWIFT_OPTIMIZATION_LEVEL = "-Onone";
			};
			name = Debug;
		};
		6630556C2AA0D26E00E61766 /* Release */ = {
			isa = XCBuildConfiguration;
			buildSettings = {
				ALWAYS_SEARCH_USER_PATHS = NO;
				CLANG_ANALYZER_NONNULL = YES;
				CLANG_ANALYZER_NUMBER_OBJECT_CONVERSION = YES_AGGRESSIVE;
				CLANG_CXX_LANGUAGE_STANDARD = "gnu++20";
				CLANG_ENABLE_MODULES = YES;
				CLANG_ENABLE_OBJC_ARC = YES;
				CLANG_ENABLE_OBJC_WEAK = YES;
				CLANG_WARN_BLOCK_CAPTURE_AUTORELEASING = YES;
				CLANG_WARN_BOOL_CONVERSION = YES;
				CLANG_WARN_COMMA = YES;
				CLANG_WARN_CONSTANT_CONVERSION = YES;
				CLANG_WARN_DEPRECATED_OBJC_IMPLEMENTATIONS = YES;
				CLANG_WARN_DIRECT_OBJC_ISA_USAGE = YES_ERROR;
				CLANG_WARN_DOCUMENTATION_COMMENTS = YES;
				CLANG_WARN_EMPTY_BODY = YES;
				CLANG_WARN_ENUM_CONVERSION = YES;
				CLANG_WARN_INFINITE_RECURSION = YES;
				CLANG_WARN_INT_CONVERSION = YES;
				CLANG_WARN_NON_LITERAL_NULL_CONVERSION = YES;
				CLANG_WARN_OBJC_IMPLICIT_RETAIN_SELF = YES;
				CLANG_WARN_OBJC_LITERAL_CONVERSION = YES;
				CLANG_WARN_OBJC_ROOT_CLASS = YES_ERROR;
				CLANG_WARN_QUOTED_INCLUDE_IN_FRAMEWORK_HEADER = YES;
				CLANG_WARN_RANGE_LOOP_ANALYSIS = YES;
				CLANG_WARN_STRICT_PROTOTYPES = YES;
				CLANG_WARN_SUSPICIOUS_MOVE = YES;
				CLANG_WARN_UNGUARDED_AVAILABILITY = YES_AGGRESSIVE;
				CLANG_WARN_UNREACHABLE_CODE = YES;
				CLANG_WARN__DUPLICATE_METHOD_MATCH = YES;
				COPY_PHASE_STRIP = NO;
				DEBUG_INFORMATION_FORMAT = "dwarf-with-dsym";
				ENABLE_NS_ASSERTIONS = NO;
				ENABLE_STRICT_OBJC_MSGSEND = YES;
				GCC_C_LANGUAGE_STANDARD = gnu11;
				GCC_NO_COMMON_BLOCKS = YES;
				GCC_WARN_64_TO_32_BIT_CONVERSION = YES;
				GCC_WARN_ABOUT_RETURN_TYPE = YES_ERROR;
				GCC_WARN_UNDECLARED_SELECTOR = YES;
				GCC_WARN_UNINITIALIZED_AUTOS = YES_AGGRESSIVE;
				GCC_WARN_UNUSED_FUNCTION = YES;
				GCC_WARN_UNUSED_VARIABLE = YES;
				IPHONEOS_DEPLOYMENT_TARGET = 16.4;
				MTL_ENABLE_DEBUG_INFO = NO;
				MTL_FAST_MATH = YES;
				SDKROOT = iphoneos;
				SWIFT_COMPILATION_MODE = wholemodule;
				SWIFT_OPTIMIZATION_LEVEL = "-O";
				VALIDATE_PRODUCT = YES;
			};
			name = Release;
		};
		6630556E2AA0D26E00E61766 /* Debug */ = {
			isa = XCBuildConfiguration;
			buildSettings = {
				ASSETCATALOG_COMPILER_APPICON_NAME = AppIcon;
				ASSETCATALOG_COMPILER_GLOBAL_ACCENT_COLOR_NAME = AccentColor;
				CODE_SIGN_STYLE = Automatic;
				CURRENT_PROJECT_VERSION = 1;
				DEVELOPMENT_ASSET_PATHS = "\"WakeMeUpApp/Preview Content\"";
				DEVELOPMENT_TEAM = K6Q84WLM62;
				ENABLE_PREVIEWS = YES;
				GENERATE_INFOPLIST_FILE = YES;
				INFOPLIST_KEY_UIApplicationSceneManifest_Generation = YES;
				INFOPLIST_KEY_UIApplicationSupportsIndirectInputEvents = YES;
				INFOPLIST_KEY_UILaunchScreen_Generation = YES;
				INFOPLIST_KEY_UISupportedInterfaceOrientations_iPad = "UIInterfaceOrientationPortrait UIInterfaceOrientationPortraitUpsideDown UIInterfaceOrientationLandscapeLeft UIInterfaceOrientationLandscapeRight";
				INFOPLIST_KEY_UISupportedInterfaceOrientations_iPhone = "UIInterfaceOrientationPortrait UIInterfaceOrientationLandscapeLeft UIInterfaceOrientationLandscapeRight";
				LD_RUNPATH_SEARCH_PATHS = (
					"$(inherited)",
					"@executable_path/Frameworks",
				);
				MARKETING_VERSION = 1.0;
				PRODUCT_BUNDLE_IDENTIFIER = com.Apollonoff.WakeMeUpApp;
				PRODUCT_NAME = "$(TARGET_NAME)";
				SWIFT_EMIT_LOC_STRINGS = YES;
				SWIFT_VERSION = 5.0;
				TARGETED_DEVICE_FAMILY = "1,2";
			};
			name = Debug;
		};
		6630556F2AA0D26E00E61766 /* Release */ = {
			isa = XCBuildConfiguration;
			buildSettings = {
				ASSETCATALOG_COMPILER_APPICON_NAME = AppIcon;
				ASSETCATALOG_COMPILER_GLOBAL_ACCENT_COLOR_NAME = AccentColor;
				CODE_SIGN_STYLE = Automatic;
				CURRENT_PROJECT_VERSION = 1;
				DEVELOPMENT_ASSET_PATHS = "\"WakeMeUpApp/Preview Content\"";
				DEVELOPMENT_TEAM = K6Q84WLM62;
				ENABLE_PREVIEWS = YES;
				GENERATE_INFOPLIST_FILE = YES;
				INFOPLIST_KEY_UIApplicationSceneManifest_Generation = YES;
				INFOPLIST_KEY_UIApplicationSupportsIndirectInputEvents = YES;
				INFOPLIST_KEY_UILaunchScreen_Generation = YES;
				INFOPLIST_KEY_UISupportedInterfaceOrientations_iPad = "UIInterfaceOrientationPortrait UIInterfaceOrientationPortraitUpsideDown UIInterfaceOrientationLandscapeLeft UIInterfaceOrientationLandscapeRight";
				INFOPLIST_KEY_UISupportedInterfaceOrientations_iPhone = "UIInterfaceOrientationPortrait UIInterfaceOrientationLandscapeLeft UIInterfaceOrientationLandscapeRight";
				LD_RUNPATH_SEARCH_PATHS = (
					"$(inherited)",
					"@executable_path/Frameworks",
				);
				MARKETING_VERSION = 1.0;
				PRODUCT_BUNDLE_IDENTIFIER = com.Apollonoff.WakeMeUpApp;
				PRODUCT_NAME = "$(TARGET_NAME)";
				SWIFT_EMIT_LOC_STRINGS = YES;
				SWIFT_VERSION = 5.0;
				TARGETED_DEVICE_FAMILY = "1,2";
			};
			name = Release;
		};
/* End XCBuildConfiguration section */

/* Begin XCConfigurationList section */
		6630555A2AA0D26B00E61766 /* Build configuration list for PBXProject "WakeMeUpApp" */ = {
			isa = XCConfigurationList;
			buildConfigurations = (
				6630556B2AA0D26E00E61766 /* Debug */,
				6630556C2AA0D26E00E61766 /* Release */,
			);
			defaultConfigurationIsVisible = 0;
			defaultConfigurationName = Release;
		};
		6630556D2AA0D26E00E61766 /* Build configuration list for PBXNativeTarget "WakeMeUpApp" */ = {
			isa = XCConfigurationList;
			buildConfigurations = (
				6630556E2AA0D26E00E61766 /* Debug */,
				6630556F2AA0D26E00E61766 /* Release */,
			);
			defaultConfigurationIsVisible = 0;
			defaultConfigurationName = Release;
		};
/* End XCConfigurationList section */
	};
	rootObject = 663055572AA0D26B00E61766 /* Project object */;
}
